
Microsoft Visual Studio Solution File, Format Version 12.00
# Visual Studio 15
VisualStudioVersion = 15.0.28307.1800
MinimumVisualStudioVersion = 10.0.40219.1
Project("{8BC9CEB8-8B4A-11D0-8D11-00A0C91BC942}") = "연결큐", "자료구조\자료구조.vcxproj", "{A197477B-3EBF-43A7-B419-3F33B5C445C1}"
EndProject
Project("{8BC9CEB8-8B4A-11D0-8D11-00A0C91BC942}") = "데크", "데크\데크.vcxproj", "{58B12315-0395-400F-84AF-F74483973513}"
EndProject
Project("{8BC9CEB8-8B4A-11D0-8D11-00A0C91BC942}") = "수식트리", "트리\트리.vcxproj", "{6666AF92-B967-4A95-BFE9-6398BADA487E}"
EndProject
Project("{8BC9CEB8-8B4A-11D0-8D11-00A0C91BC942}") = "이진 트리 용량 계산", "이진 트리 용량 계산\이진 트리 용량 계산.vcxproj", "{766DEC87-68C0-493D-9170-90366252C4A2}"
EndProject
Project("{8BC9CEB8-8B4A-11D0-8D11-00A0C91BC942}") = "스레드 이진 트리", "스레드 이진 트리\스레드 이진 트리.vcxproj", "{421E2619-24C5-4D65-A766-E8BD8D78313D}"
EndProject
Project("{8BC9CEB8-8B4A-11D0-8D11-00A0C91BC942}") = "이진 트리 탐색", "이진 트리 탐색\이진 트리 탐색.vcxproj", "{B8823279-8416-4CE3-B001-39BD1227169F}"
EndProject
Project("{8BC9CEB8-8B4A-11D0-8D11-00A0C91BC942}") = "AVL 트리", "AVL 트리\AVL 트리.vcxproj", "{023869E2-DED6-49E4-8726-4AA9904744EB}"
EndProject
Project("{8BC9CEB8-8B4A-11D0-8D11-00A0C91BC942}") = "최대 히프", "최대 히프\최대 히프.vcxproj", "{4C6A445C-6E68-44AB-9493-4117C7E36FE4}"
EndProject
Project("{8BC9CEB8-8B4A-11D0-8D11-00A0C91BC942}") = "최소 히프", "최소 히프\최소 히프.vcxproj", "{657531B4-5076-4C4A-A673-05933A1C3588}"
EndProject
Project("{8BC9CEB8-8B4A-11D0-8D11-00A0C91BC942}") = "그래프", "그래프\그래프.vcxproj", "{81AA37CC-35CD-45FD-A04E-0143D5ABBE6C}"
EndProject
Project("{8BC9CEB8-8B4A-11D0-8D11-00A0C91BC942}") = "깊이 우선 탐색", "깊이 우선 탐색\깊이 우선 탐색.vcxproj", "{BC58699C-B29B-4B4A-A181-83A0AEE435CF}"
EndProject
Project("{8BC9CEB8-8B4A-11D0-8D11-00A0C91BC942}") = "넓이 우선 탐색", "넓이 우선 탐색\넓이 우선 탐색.vcxproj", "{E86A6B50-7169-4EF5-827F-4127688824FF}"
EndProject
Global
	GlobalSection(SolutionConfigurationPlatforms) = preSolution
		Debug|x64 = Debug|x64
		Debug|x86 = Debug|x86
		Release|x64 = Release|x64
		Release|x86 = Release|x86
	EndGlobalSection
	GlobalSection(ProjectConfigurationPlatforms) = postSolution
		{A197477B-3EBF-43A7-B419-3F33B5C445C1}.Debug|x64.ActiveCfg = Debug|x64
		{A197477B-3EBF-43A7-B419-3F33B5C445C1}.Debug|x64.Build.0 = Debug|x64
		{A197477B-3EBF-43A7-B419-3F33B5C445C1}.Debug|x86.ActiveCfg = Debug|Win32
		{A197477B-3EBF-43A7-B419-3F33B5C445C1}.Debug|x86.Build.0 = Debug|Win32
		{A197477B-3EBF-43A7-B419-3F33B5C445C1}.Release|x64.ActiveCfg = Release|x64
		{A197477B-3EBF-43A7-B419-3F33B5C445C1}.Release|x64.Build.0 = Release|x64
		{A197477B-3EBF-43A7-B419-3F33B5C445C1}.Release|x86.ActiveCfg = Release|Win32
		{A197477B-3EBF-43A7-B419-3F33B5C445C1}.Release|x86.Build.0 = Release|Win32
		{58B12315-0395-400F-84AF-F74483973513}.Debug|x64.ActiveCfg = Debug|x64
		{58B12315-0395-400F-84AF-F74483973513}.Debug|x64.Build.0 = Debug|x64
		{58B12315-0395-400F-84AF-F74483973513}.Debug|x86.ActiveCfg = Debug|Win32
		{58B12315-0395-400F-84AF-F74483973513}.Debug|x86.Build.0 = Debug|Win32
		{58B12315-0395-400F-84AF-F74483973513}.Release|x64.ActiveCfg = Release|x64
		{58B12315-0395-400F-84AF-F74483973513}.Release|x64.Build.0 = Release|x64
		{58B12315-0395-400F-84AF-F74483973513}.Release|x86.ActiveCfg = Release|Win32
		{58B12315-0395-400F-84AF-F74483973513}.Release|x86.Build.0 = Release|Win32
		{6666AF92-B967-4A95-BFE9-6398BADA487E}.Debug|x64.ActiveCfg = Debug|x64
		{6666AF92-B967-4A95-BFE9-6398BADA487E}.Debug|x64.Build.0 = Debug|x64
		{6666AF92-B967-4A95-BFE9-6398BADA487E}.Debug|x86.ActiveCfg = Debug|Win32
		{6666AF92-B967-4A95-BFE9-6398BADA487E}.Debug|x86.Build.0 = Debug|Win32
		{6666AF92-B967-4A95-BFE9-6398BADA487E}.Release|x64.ActiveCfg = Release|x64
		{6666AF92-B967-4A95-BFE9-6398BADA487E}.Release|x64.Build.0 = Release|x64
		{6666AF92-B967-4A95-BFE9-6398BADA487E}.Release|x86.ActiveCfg = Release|Win32
		{6666AF92-B967-4A95-BFE9-6398BADA487E}.Release|x86.Build.0 = Release|Win32
		{766DEC87-68C0-493D-9170-90366252C4A2}.Debug|x64.ActiveCfg = Debug|x64
		{766DEC87-68C0-493D-9170-90366252C4A2}.Debug|x64.Build.0 = Debug|x64
		{766DEC87-68C0-493D-9170-90366252C4A2}.Debug|x86.ActiveCfg = Debug|Win32
		{766DEC87-68C0-493D-9170-90366252C4A2}.Debug|x86.Build.0 = Debug|Win32
		{766DEC87-68C0-493D-9170-90366252C4A2}.Release|x64.ActiveCfg = Release|x64
		{766DEC87-68C0-493D-9170-90366252C4A2}.Release|x64.Build.0 = Release|x64
		{766DEC87-68C0-493D-9170-90366252C4A2}.Release|x86.ActiveCfg = Release|Win32
		{766DEC87-68C0-493D-9170-90366252C4A2}.Release|x86.Build.0 = Release|Win32
		{421E2619-24C5-4D65-A766-E8BD8D78313D}.Debug|x64.ActiveCfg = Debug|x64
		{421E2619-24C5-4D65-A766-E8BD8D78313D}.Debug|x64.Build.0 = Debug|x64
		{421E2619-24C5-4D65-A766-E8BD8D78313D}.Debug|x86.ActiveCfg = Debug|Win32
		{421E2619-24C5-4D65-A766-E8BD8D78313D}.Debug|x86.Build.0 = Debug|Win32
		{421E2619-24C5-4D65-A766-E8BD8D78313D}.Release|x64.ActiveCfg = Release|x64
		{421E2619-24C5-4D65-A766-E8BD8D78313D}.Release|x64.Build.0 = Release|x64
		{421E2619-24C5-4D65-A766-E8BD8D78313D}.Release|x86.ActiveCfg = Release|Win32
		{421E2619-24C5-4D65-A766-E8BD8D78313D}.Release|x86.Build.0 = Release|Win32
		{B8823279-8416-4CE3-B001-39BD1227169F}.Debug|x64.ActiveCfg = Debug|x64
		{B8823279-8416-4CE3-B001-39BD1227169F}.Debug|x64.Build.0 = Debug|x64
		{B8823279-8416-4CE3-B001-39BD1227169F}.Debug|x86.ActiveCfg = Debug|Win32
		{B8823279-8416-4CE3-B001-39BD1227169F}.Debug|x86.Build.0 = Debug|Win32
		{B8823279-8416-4CE3-B001-39BD1227169F}.Release|x64.ActiveCfg = Release|x64
		{B8823279-8416-4CE3-B001-39BD1227169F}.Release|x64.Build.0 = Release|x64
		{B8823279-8416-4CE3-B001-39BD1227169F}.Release|x86.ActiveCfg = Release|Win32
		{B8823279-8416-4CE3-B001-39BD1227169F}.Release|x86.Build.0 = Release|Win32
		{023869E2-DED6-49E4-8726-4AA9904744EB}.Debug|x64.ActiveCfg = Debug|x64
		{023869E2-DED6-49E4-8726-4AA9904744EB}.Debug|x64.Build.0 = Debug|x64
		{023869E2-DED6-49E4-8726-4AA9904744EB}.Debug|x86.ActiveCfg = Debug|Win32
		{023869E2-DED6-49E4-8726-4AA9904744EB}.Debug|x86.Build.0 = Debug|Win32
		{023869E2-DED6-49E4-8726-4AA9904744EB}.Release|x64.ActiveCfg = Release|x64
		{023869E2-DED6-49E4-8726-4AA9904744EB}.Release|x64.Build.0 = Release|x64
		{023869E2-DED6-49E4-8726-4AA9904744EB}.Release|x86.ActiveCfg = Release|Win32
		{023869E2-DED6-49E4-8726-4AA9904744EB}.Release|x86.Build.0 = Release|Win32
		{4C6A445C-6E68-44AB-9493-4117C7E36FE4}.Debug|x64.ActiveCfg = Debug|x64
		{4C6A445C-6E68-44AB-9493-4117C7E36FE4}.Debug|x64.Build.0 = Debug|x64
		{4C6A445C-6E68-44AB-9493-4117C7E36FE4}.Debug|x86.ActiveCfg = Debug|Win32
		{4C6A445C-6E68-44AB-9493-4117C7E36FE4}.Debug|x86.Build.0 = Debug|Win32
		{4C6A445C-6E68-44AB-9493-4117C7E36FE4}.Release|x64.ActiveCfg = Release|x64
		{4C6A445C-6E68-44AB-9493-4117C7E36FE4}.Release|x64.Build.0 = Release|x64
		{4C6A445C-6E68-44AB-9493-4117C7E36FE4}.Release|x86.ActiveCfg = Release|Win32
		{4C6A445C-6E68-44AB-9493-4117C7E36FE4}.Release|x86.Build.0 = Release|Win32
		{657531B4-5076-4C4A-A673-05933A1C3588}.Debug|x64.ActiveCfg = Debug|x64
		{657531B4-5076-4C4A-A673-05933A1C3588}.Debug|x64.Build.0 = Debug|x64
		{657531B4-5076-4C4A-A673-05933A1C3588}.Debug|x86.ActiveCfg = Debug|Win32
		{657531B4-5076-4C4A-A673-05933A1C3588}.Debug|x86.Build.0 = Debug|Win32
		{657531B4-5076-4C4A-A673-05933A1C3588}.Release|x64.ActiveCfg = Release|x64
		{657531B4-5076-4C4A-A673-05933A1C3588}.Release|x64.Build.0 = Release|x64
		{657531B4-5076-4C4A-A673-05933A1C3588}.Release|x86.ActiveCfg = Release|Win32
		{657531B4-5076-4C4A-A673-05933A1C3588}.Release|x86.Build.0 = Release|Win32
		{81AA37CC-35CD-45FD-A04E-0143D5ABBE6C}.Debug|x64.ActiveCfg = Debug|x64
		{81AA37CC-35CD-45FD-A04E-0143D5ABBE6C}.Debug|x64.Build.0 = Debug|x64
		{81AA37CC-35CD-45FD-A04E-0143D5ABBE6C}.Debug|x86.ActiveCfg = Debug|Win32
		{81AA37CC-35CD-45FD-A04E-0143D5ABBE6C}.Debug|x86.Build.0 = Debug|Win32
		{81AA37CC-35CD-45FD-A04E-0143D5ABBE6C}.Release|x64.ActiveCfg = Release|x64
		{81AA37CC-35CD-45FD-A04E-0143D5ABBE6C}.Release|x64.Build.0 = Release|x64
		{81AA37CC-35CD-45FD-A04E-0143D5ABBE6C}.Release|x86.ActiveCfg = Release|Win32
		{81AA37CC-35CD-45FD-A04E-0143D5ABBE6C}.Release|x86.Build.0 = Release|Win32
		{BC58699C-B29B-4B4A-A181-83A0AEE435CF}.Debug|x64.ActiveCfg = Debug|x64
		{BC58699C-B29B-4B4A-A181-83A0AEE435CF}.Debug|x64.Build.0 = Debug|x64
		{BC58699C-B29B-4B4A-A181-83A0AEE435CF}.Debug|x86.ActiveCfg = Debug|Win32
		{BC58699C-B29B-4B4A-A181-83A0AEE435CF}.Debug|x86.Build.0 = Debug|Win32
		{BC58699C-B29B-4B4A-A181-83A0AEE435CF}.Release|x64.ActiveCfg = Release|x64
		{BC58699C-B29B-4B4A-A181-83A0AEE435CF}.Release|x64.Build.0 = Release|x64
		{BC58699C-B29B-4B4A-A181-83A0AEE435CF}.Release|x86.ActiveCfg = Release|Win32
		{BC58699C-B29B-4B4A-A181-83A0AEE435CF}.Release|x86.Build.0 = Release|Win32
		{E86A6B50-7169-4EF5-827F-4127688824FF}.Debug|x64.ActiveCfg = Debug|x64
		{E86A6B50-7169-4EF5-827F-4127688824FF}.Debug|x64.Build.0 = Debug|x64
		{E86A6B50-7169-4EF5-827F-4127688824FF}.Debug|x86.ActiveCfg = Debug|Win32
		{E86A6B50-7169-4EF5-827F-4127688824FF}.Debug|x86.Build.0 = Debug|Win32
		{E86A6B50-7169-4EF5-827F-4127688824FF}.Release|x64.ActiveCfg = Release|x64
		{E86A6B50-7169-4EF5-827F-4127688824FF}.Release|x64.Build.0 = Release|x64
		{E86A6B50-7169-4EF5-827F-4127688824FF}.Release|x86.ActiveCfg = Release|Win32
		{E86A6B50-7169-4EF5-827F-4127688824FF}.Release|x86.Build.0 = Release|Win32
	EndGlobalSection
	GlobalSection(SolutionProperties) = preSolution
		HideSolutionNode = FALSE
	EndGlobalSection
	GlobalSection(ExtensibilityGlobals) = postSolution
		SolutionGuid = {BA48E728-7EB5-4F6A-AB65-32B8239D6A18}
	EndGlobalSection
EndGlobal
